
Microsoft Visual Studio Solution File, Format Version 12.00
# Visual Studio 2012
Project("{FAE04EC0-301F-11D3-BF4B-00C04F79EFBC}") = "UnityVS.RPGFramewoke.CSharp", "UnityVS.RPGFramewoke.CSharp.csproj", "{1DBE9B01-B0BD-A79F-2295-9B73BAEAB5B0}"
EndProject
Project("{FAE04EC0-301F-11D3-BF4B-00C04F79EFBC}") = "UnityVS.RPGFramewoke.CSharp.Editor", "UnityVS.RPGFramewoke.CSharp.Editor.csproj", "{2F5A6089-963B-4577-1A0F-000BD5A6CE2A}"
EndProject
Global
	GlobalSection(SolutionConfigurationPlatforms) = preSolution
		Debug|Any CPU = Debug|Any CPU
		Release|Any CPU = Release|Any CPU
	EndGlobalSection
	GlobalSection(ProjectConfigurationPlatforms) = postSolution
		{1DBE9B01-B0BD-A79F-2295-9B73BAEAB5B0}.Debug|Any CPU.ActiveCfg = Debug|Any CPU
		{1DBE9B01-B0BD-A79F-2295-9B73BAEAB5B0}.Debug|Any CPU.Build.0 = Debug|Any CPU
		{1DBE9B01-B0BD-A79F-2295-9B73BAEAB5B0}.Release|Any CPU.ActiveCfg = Release|Any CPU
		{1DBE9B01-B0BD-A79F-2295-9B73BAEAB5B0}.Release|Any CPU.Build.0 = Release|Any CPU
		{2F5A6089-963B-4577-1A0F-000BD5A6CE2A}.Debug|Any CPU.ActiveCfg = Debug|Any CPU
		{2F5A6089-963B-4577-1A0F-000BD5A6CE2A}.Debug|Any CPU.Build.0 = Debug|Any CPU
		{2F5A6089-963B-4577-1A0F-000BD5A6CE2A}.Release|Any CPU.ActiveCfg = Release|Any CPU
		{2F5A6089-963B-4577-1A0F-000BD5A6CE2A}.Release|Any CPU.Build.0 = Release|Any CPU
	EndGlobalSection
	GlobalSection(SolutionProperties) = preSolution
		HideSolutionNode = FALSE
	EndGlobalSection
EndGlobal
